
Microsoft Visual Studio Solution File, Format Version 12.00
# Visual Studio Version 17
VisualStudioVersion = 17.8.34309.116
MinimumVisualStudioVersion = 10.0.40219.1
Project("{FAE04EC0-301F-11D3-BF4B-00C04F79EFBC}") = "phonebook", "phonebook.csproj", "{CA665D7A-2991-468C-9C02-FD8CC659B41E}"
EndProject
Global
	GlobalSection(SolutionConfigurationPlatforms) = preSolution
		Debug|Any CPU = Debug|Any CPU
		Release|Any CPU = Release|Any CPU
	EndGlobalSection
	GlobalSection(ProjectConfigurationPlatforms) = postSolution
		{CA665D7A-2991-468C-9C02-FD8CC659B41E}.Debug|Any CPU.ActiveCfg = Debug|Any CPU
		{CA665D7A-2991-468C-9C02-FD8CC659B41E}.Debug|Any CPU.Build.0 = Debug|Any CPU
		{CA665D7A-2991-468C-9C02-FD8CC659B41E}.Release|Any CPU.ActiveCfg = Release|Any CPU
		{CA665D7A-2991-468C-9C02-FD8CC659B41E}.Release|Any CPU.Build.0 = Release|Any CPU
	EndGlobalSection
	GlobalSection(SolutionProperties) = preSolution
		HideSolutionNode = FALSE
	EndGlobalSection
	GlobalSection(ExtensibilityGlobals) = postSolution
		SolutionGuid = {F01BE931-FAD3-44A3-AF2E-0F8041F92BC1}
	EndGlobalSection
EndGlobal
